
Microsoft Visual Studio Solution File, Format Version 12.00
# Visual Studio Version 17
VisualStudioVersion = 17.14.36518.9 d17.14
MinimumVisualStudioVersion = 10.0.40219.1
Project("{FAE04EC0-301F-11D3-BF4B-00C04F79EFBC}") = "ToDoList", "ToDoList\ToDoList.csproj", "{DB6F4A7E-781B-46B1-AAB4-4251433F4674}"
EndProject
Global
	GlobalSection(SolutionConfigurationPlatforms) = preSolution
		Debug|Any CPU = Debug|Any CPU
		Release|Any CPU = Release|Any CPU
	EndGlobalSection
	GlobalSection(ProjectConfigurationPlatforms) = postSolution
		{DB6F4A7E-781B-46B1-AAB4-4251433F4674}.Debug|Any CPU.ActiveCfg = Debug|Any CPU
		{DB6F4A7E-781B-46B1-AAB4-4251433F4674}.Debug|Any CPU.Build.0 = Debug|Any CPU
		{DB6F4A7E-781B-46B1-AAB4-4251433F4674}.Release|Any CPU.ActiveCfg = Release|Any CPU
		{DB6F4A7E-781B-46B1-AAB4-4251433F4674}.Release|Any CPU.Build.0 = Release|Any CPU
	EndGlobalSection
	GlobalSection(SolutionProperties) = preSolution
		HideSolutionNode = FALSE
	EndGlobalSection
	GlobalSection(ExtensibilityGlobals) = postSolution
		SolutionGuid = {205728E8-751F-4924-A0A6-7B7C387F1EAC}
	EndGlobalSection
EndGlobal
